
Microsoft Visual Studio Solution File, Format Version 12.00
# Visual Studio 2012
Project("{FAE04EC0-301F-11D3-BF4B-00C04F79EFBC}") = "WindowsFormsApplication1", "WindowsFormsApplication1\WindowsFormsApplication1.csproj", "{78965415-397A-4146-9D63-80FD25E93C6E}"
EndProject
Global
	GlobalSection(SolutionConfigurationPlatforms) = preSolution
		Debug|Any CPU = Debug|Any CPU
		Release|Any CPU = Release|Any CPU
	EndGlobalSection
	GlobalSection(ProjectConfigurationPlatforms) = postSolution
		{78965415-397A-4146-9D63-80FD25E93C6E}.Debug|Any CPU.ActiveCfg = Debug|Any CPU
		{78965415-397A-4146-9D63-80FD25E93C6E}.Debug|Any CPU.Build.0 = Debug|Any CPU
		{78965415-397A-4146-9D63-80FD25E93C6E}.Release|Any CPU.ActiveCfg = Release|Any CPU
		{78965415-397A-4146-9D63-80FD25E93C6E}.Release|Any CPU.Build.0 = Release|Any CPU
	EndGlobalSection
	GlobalSection(SolutionProperties) = preSolution
		HideSolutionNode = FALSE
	EndGlobalSection
EndGlobal
